
Microsoft Visual Studio Solution File, Format Version 12.00
# Visual Studio Version 16
VisualStudioVersion = 16.0.28803.202
MinimumVisualStudioVersion = 10.0.40219.1
Project("{FAE04EC0-301F-11D3-BF4B-00C04F79EFBC}") = "Odevım", "Odevım\Odevım.csproj", "{8FD53A12-3AAC-49DC-A5BA-70A35E78DDDF}"
EndProject
Global
	GlobalSection(SolutionConfigurationPlatforms) = preSolution
		Debug|Any CPU = Debug|Any CPU
		Release|Any CPU = Release|Any CPU
	EndGlobalSection
	GlobalSection(ProjectConfigurationPlatforms) = postSolution
		{8FD53A12-3AAC-49DC-A5BA-70A35E78DDDF}.Debug|Any CPU.ActiveCfg = Debug|Any CPU
		{8FD53A12-3AAC-49DC-A5BA-70A35E78DDDF}.Debug|Any CPU.Build.0 = Debug|Any CPU
		{8FD53A12-3AAC-49DC-A5BA-70A35E78DDDF}.Release|Any CPU.ActiveCfg = Release|Any CPU
		{8FD53A12-3AAC-49DC-A5BA-70A35E78DDDF}.Release|Any CPU.Build.0 = Release|Any CPU
	EndGlobalSection
	GlobalSection(SolutionProperties) = preSolution
		HideSolutionNode = FALSE
	EndGlobalSection
	GlobalSection(ExtensibilityGlobals) = postSolution
		SolutionGuid = {7149C710-8B02-445D-8E53-763BA2A80EE2}
	EndGlobalSection
EndGlobal
